
Microsoft Visual Studio Solution File, Format Version 12.00
# Visual Studio Version 17
VisualStudioVersion = 17.3.32929.385
MinimumVisualStudioVersion = 10.0.40219.1
Project("{9A19103F-16F7-4668-BE54-9A1E7A4F7556}") = "RecruitmentPortal", "RecruitmentPortal\RecruitmentPortal.csproj", "{43C8BC94-3B52-4807-9837-302654C45335}"
EndProject
Project("{2150E333-8FDC-42A3-9474-1A3956D46DE8}") = "Solution Items", "Solution Items", "{D5F3A0BF-4061-45DB-BDF9-DFE09E612BBF}"
	ProjectSection(SolutionItems) = preProject
		Readme.md = Readme.md
	EndProjectSection
EndProject
Global
	GlobalSection(SolutionConfigurationPlatforms) = preSolution
		Debug|Any CPU = Debug|Any CPU
		Release|Any CPU = Release|Any CPU
	EndGlobalSection
	GlobalSection(ProjectConfigurationPlatforms) = postSolution
		{43C8BC94-3B52-4807-9837-302654C45335}.Debug|Any CPU.ActiveCfg = Debug|Any CPU
		{43C8BC94-3B52-4807-9837-302654C45335}.Debug|Any CPU.Build.0 = Debug|Any CPU
		{43C8BC94-3B52-4807-9837-302654C45335}.Release|Any CPU.ActiveCfg = Release|Any CPU
		{43C8BC94-3B52-4807-9837-302654C45335}.Release|Any CPU.Build.0 = Release|Any CPU
	EndGlobalSection
	GlobalSection(SolutionProperties) = preSolution
		HideSolutionNode = FALSE
	EndGlobalSection
	GlobalSection(ExtensibilityGlobals) = postSolution
		SolutionGuid = {6C580EB7-0E9A-4C50-A24F-C5208547A53C}
	EndGlobalSection
EndGlobal
